
Microsoft Visual Studio Solution File, Format Version 12.00
# Visual Studio Version 17
VisualStudioVersion = 17.5.002.0
MinimumVisualStudioVersion = 10.0.40219.1
Project("{9A19103F-16F7-4668-BE54-9A1E7A4F7556}") = "semantic-kernel-sample", "semantic-kernel-sample.csproj", "{C260CA91-1402-4FF7-A91F-8F27960119C7}"
EndProject
Global
	GlobalSection(SolutionConfigurationPlatforms) = preSolution
		Debug|Any CPU = Debug|Any CPU
		Release|Any CPU = Release|Any CPU
	EndGlobalSection
	GlobalSection(ProjectConfigurationPlatforms) = postSolution
		{C260CA91-1402-4FF7-A91F-8F27960119C7}.Debug|Any CPU.ActiveCfg = Debug|Any CPU
		{C260CA91-1402-4FF7-A91F-8F27960119C7}.Debug|Any CPU.Build.0 = Debug|Any CPU
		{C260CA91-1402-4FF7-A91F-8F27960119C7}.Release|Any CPU.ActiveCfg = Release|Any CPU
		{C260CA91-1402-4FF7-A91F-8F27960119C7}.Release|Any CPU.Build.0 = Release|Any CPU
	EndGlobalSection
	GlobalSection(SolutionProperties) = preSolution
		HideSolutionNode = FALSE
	EndGlobalSection
	GlobalSection(ExtensibilityGlobals) = postSolution
		SolutionGuid = {78FD06FF-6422-4D39-AB34-820F4F5DD480}
	EndGlobalSection
EndGlobal
